// !$*UTF8*$!
{
	archiveVersion = 1;
	classes = {
	};
	objectVersion = 51;
	objects = {

/* Begin PBXBuildFile section */
		2205D14B26493E0000F96882 /* Points_System.json in Resources */ = {isa = PBXBuildFile; fileRef = 2205D14A26493E0000F96882 /* Points_System.json */; };
		2205D14E26493E3D00F96882 /* PointSystem.swift in Sources */ = {isa = PBXBuildFile; fileRef = 2205D14D26493E3D00F96882 /* PointSystem.swift */; };
		2205D15026493EF800F96882 /* loadPoints.swift in Sources */ = {isa = PBXBuildFile; fileRef = 2205D14F26493EF800F96882 /* loadPoints.swift */; };
		2205D15926495F1A00F96882 /* ProfilePicture.swift in Sources */ = {isa = PBXBuildFile; fileRef = 2205D15826495F1A00F96882 /* ProfilePicture.swift */; };
		2205D15B2649627300F96882 /* Onboarding.swift in Sources */ = {isa = PBXBuildFile; fileRef = 2205D15A2649627300F96882 /* Onboarding.swift */; };
		2205D15D2649649000F96882 /* TutorialPage.swift in Sources */ = {isa = PBXBuildFile; fileRef = 2205D15C2649649000F96882 /* TutorialPage.swift */; };
		22255A8A269DC8D600CE6774 /* Button Row.swift in Sources */ = {isa = PBXBuildFile; fileRef = 22255A89269DC8D600CE6774 /* Button Row.swift */; };
		22255A8C269DC8E100CE6774 /* customButtonLayout.swift in Sources */ = {isa = PBXBuildFile; fileRef = 22255A8B269DC8E100CE6774 /* customButtonLayout.swift */; };
		22255A8E269DD29700CE6774 /* GUISizes.swift in Sources */ = {isa = PBXBuildFile; fileRef = 22255A8D269DD29700CE6774 /* GUISizes.swift */; };
		22337F932653DF81008089A9 /* ListView.swift in Sources */ = {isa = PBXBuildFile; fileRef = 22337F922653DF81008089A9 /* ListView.swift */; };
		22337F9A2653E01F008089A9 /* ImageCache.swift in Sources */ = {isa = PBXBuildFile; fileRef = 22337F952653E01F008089A9 /* ImageCache.swift */; };
		22337F9B2653E01F008089A9 /* AsyncImage.swift in Sources */ = {isa = PBXBuildFile; fileRef = 22337F962653E01F008089A9 /* AsyncImage.swift */; };
		22337F9C2653E01F008089A9 /* EnvironmentValues+ImageCache.swift in Sources */ = {isa = PBXBuildFile; fileRef = 22337F972653E01F008089A9 /* EnvironmentValues+ImageCache.swift */; };
		22337F9D2653E01F008089A9 /* ImageLoader.swift in Sources */ = {isa = PBXBuildFile; fileRef = 22337F982653E01F008089A9 /* ImageLoader.swift */; };
		2268456826A3038800E0F4EB /* blankMoviePosition.swift in Sources */ = {isa = PBXBuildFile; fileRef = 2268456726A3038800E0F4EB /* blankMoviePosition.swift */; };
		22AEA7BC2610CBE0003993FF /* Admin.swift in Sources */ = {isa = PBXBuildFile; fileRef = 22AEA7BB2610CBE0003993FF /* Admin.swift */; };
		22E019CD269EFEDA00A3C62A /* MoviePoster.swift in Sources */ = {isa = PBXBuildFile; fileRef = 22E019CC269EFEDA00A3C62A /* MoviePoster.swift */; };
		22E019CF269F108200A3C62A /* WatchList.swift in Sources */ = {isa = PBXBuildFile; fileRef = 22E019CE269F108200A3C62A /* WatchList.swift */; };
		22E019D1269F13F400A3C62A /* threePosterRow.swift in Sources */ = {isa = PBXBuildFile; fileRef = 22E019D0269F13F400A3C62A /* threePosterRow.swift */; };
		22E019D3269F146400A3C62A /* JSONObject.swift in Sources */ = {isa = PBXBuildFile; fileRef = 22E019D2269F146400A3C62A /* JSONObject.swift */; };
		22E33F262610B1FB0086A5C5 /* ApplicationDApp.swift in Sources */ = {isa = PBXBuildFile; fileRef = 22E33F252610B1FB0086A5C5 /* ApplicationDApp.swift */; };
		22E33F282610B1FB0086A5C5 /* ContentView.swift in Sources */ = {isa = PBXBuildFile; fileRef = 22E33F272610B1FB0086A5C5 /* ContentView.swift */; };
		22E33F2A2610B1FC0086A5C5 /* Assets.xcassets in Resources */ = {isa = PBXBuildFile; fileRef = 22E33F292610B1FC0086A5C5 /* Assets.xcassets */; };
		22E33F2D2610B1FC0086A5C5 /* Preview Assets.xcassets in Resources */ = {isa = PBXBuildFile; fileRef = 22E33F2C2610B1FC0086A5C5 /* Preview Assets.xcassets */; };
		22E33F2F2610B1FC0086A5C5 /* Persistence.swift in Sources */ = {isa = PBXBuildFile; fileRef = 22E33F2E2610B1FC0086A5C5 /* Persistence.swift */; };
		22E33F322610B1FC0086A5C5 /* ApplicationD.xcdatamodeld in Sources */ = {isa = PBXBuildFile; fileRef = 22E33F302610B1FC0086A5C5 /* ApplicationD.xcdatamodeld */; };
		22E33F642610B3120086A5C5 /* TMDBAPI.swift in Sources */ = {isa = PBXBuildFile; fileRef = 22E33F492610B3120086A5C5 /* TMDBAPI.swift */; };
		22E33F672610B3120086A5C5 /* AuthenticateWindow.swift in Sources */ = {isa = PBXBuildFile; fileRef = 22E33F4C2610B3120086A5C5 /* AuthenticateWindow.swift */; };
		22E33F692610B3120086A5C5 /* userCreation2.swift in Sources */ = {isa = PBXBuildFile; fileRef = 22E33F4F2610B3120086A5C5 /* userCreation2.swift */; };
		22E33F6A2610B3120086A5C5 /* userCreationHelper.swift in Sources */ = {isa = PBXBuildFile; fileRef = 22E33F502610B3120086A5C5 /* userCreationHelper.swift */; };
		22E33F6B2610B3120086A5C5 /* userCreationMain.swift in Sources */ = {isa = PBXBuildFile; fileRef = 22E33F512610B3120086A5C5 /* userCreationMain.swift */; };
		22E33F6C2610B3120086A5C5 /* userCreation1.swift in Sources */ = {isa = PBXBuildFile; fileRef = 22E33F522610B3120086A5C5 /* userCreation1.swift */; };
		22E33F942610B4400086A5C5 /* Item+CoreDataClass.swift in Sources */ = {isa = PBXBuildFile; fileRef = 22E33F842610B4400086A5C5 /* Item+CoreDataClass.swift */; };
		22E33F952610B4400086A5C5 /* Item+CoreDataProperties.swift in Sources */ = {isa = PBXBuildFile; fileRef = 22E33F852610B4400086A5C5 /* Item+CoreDataProperties.swift */; };
		22E33F962610B4400086A5C5 /* SugesstedMovies+CoreDataClass.swift in Sources */ = {isa = PBXBuildFile; fileRef = 22E33F862610B4400086A5C5 /* SugesstedMovies+CoreDataClass.swift */; };
		22E33F972610B4400086A5C5 /* SugesstedMovies+CoreDataProperties.swift in Sources */ = {isa = PBXBuildFile; fileRef = 22E33F872610B4400086A5C5 /* SugesstedMovies+CoreDataProperties.swift */; };
		22E33F982610B4400086A5C5 /* WatchedTV+CoreDataClass.swift in Sources */ = {isa = PBXBuildFile; fileRef = 22E33F882610B4400086A5C5 /* WatchedTV+CoreDataClass.swift */; };
		22E33F992610B4400086A5C5 /* WatchedTV+CoreDataProperties.swift in Sources */ = {isa = PBXBuildFile; fileRef = 22E33F892610B4400086A5C5 /* WatchedTV+CoreDataProperties.swift */; };
		22E33F9A2610B4400086A5C5 /* SugesstedTV+CoreDataClass.swift in Sources */ = {isa = PBXBuildFile; fileRef = 22E33F8A2610B4400086A5C5 /* SugesstedTV+CoreDataClass.swift */; };
		22E33F9B2610B4400086A5C5 /* SugesstedTV+CoreDataProperties.swift in Sources */ = {isa = PBXBuildFile; fileRef = 22E33F8B2610B4400086A5C5 /* SugesstedTV+CoreDataProperties.swift */; };
		22E33F9C2610B4400086A5C5 /* PlannedTV+CoreDataClass.swift in Sources */ = {isa = PBXBuildFile; fileRef = 22E33F8C2610B4400086A5C5 /* PlannedTV+CoreDataClass.swift */; };
		22E33F9D2610B4400086A5C5 /* PlannedTV+CoreDataProperties.swift in Sources */ = {isa = PBXBuildFile; fileRef = 22E33F8D2610B4400086A5C5 /* PlannedTV+CoreDataProperties.swift */; };
		22E33F9E2610B4400086A5C5 /* WatchedMovies+CoreDataClass.swift in Sources */ = {isa = PBXBuildFile; fileRef = 22E33F8E2610B4400086A5C5 /* WatchedMovies+CoreDataClass.swift */; };
		22E33F9F2610B4400086A5C5 /* WatchedMovies+CoreDataProperties.swift in Sources */ = {isa = PBXBuildFile; fileRef = 22E33F8F2610B4400086A5C5 /* WatchedMovies+CoreDataProperties.swift */; };
		22E33FA02610B4400086A5C5 /* PlannedMovies+CoreDataClass.swift in Sources */ = {isa = PBXBuildFile; fileRef = 22E33F902610B4400086A5C5 /* PlannedMovies+CoreDataClass.swift */; };
		22E33FA12610B4400086A5C5 /* PlannedMovies+CoreDataProperties.swift in Sources */ = {isa = PBXBuildFile; fileRef = 22E33F912610B4400086A5C5 /* PlannedMovies+CoreDataProperties.swift */; };
		22E33FA22610B4400086A5C5 /* User+CoreDataClass.swift in Sources */ = {isa = PBXBuildFile; fileRef = 22E33F922610B4400086A5C5 /* User+CoreDataClass.swift */; };
		22E33FA32610B4400086A5C5 /* User+CoreDataProperties.swift in Sources */ = {isa = PBXBuildFile; fileRef = 22E33F932610B4400086A5C5 /* User+CoreDataProperties.swift */; };
		22ED09FE263D6AD80048ABA6 /* MovieWatchList.swift in Sources */ = {isa = PBXBuildFile; fileRef = 22ED09FD263D6AD80048ABA6 /* MovieWatchList.swift */; };
		55B4378B1772FB93B77595C5 /* Pods_ApplicationD.framework in Frameworks */ = {isa = PBXBuildFile; fileRef = B0BD5A7453BA3ED0FD4CF238 /* Pods_ApplicationD.framework */; };
/* End PBXBuildFile section */

/* Begin PBXFileReference section */
		13E8B936A8E4C120BD73BC40 /* Pods-ApplicationD.debug.xcconfig */ = {isa = PBXFileReference; includeInIndex = 1; lastKnownFileType = text.xcconfig; name = "Pods-ApplicationD.debug.xcconfig"; path = "Target Support Files/Pods-ApplicationD/Pods-ApplicationD.debug.xcconfig"; sourceTree = "<group>"; };
		2205D14A26493E0000F96882 /* Points_System.json */ = {isa = PBXFileReference; fileEncoding = 4; lastKnownFileType = text.json; name = Points_System.json; path = "ApplicationD/Core Files/Points System/Points_System.json"; sourceTree = SOURCE_ROOT; };
		2205D14D26493E3D00F96882 /* PointSystem.swift */ = {isa = PBXFileReference; lastKnownFileType = sourcecode.swift; path = PointSystem.swift; sourceTree = "<group>"; };
		2205D14F26493EF800F96882 /* loadPoints.swift */ = {isa = PBXFileReference; lastKnownFileType = sourcecode.swift; path = loadPoints.swift; sourceTree = "<group>"; };
		2205D15826495F1A00F96882 /* ProfilePicture.swift */ = {isa = PBXFileReference; lastKnownFileType = sourcecode.swift; path = ProfilePicture.swift; sourceTree = "<group>"; };
		2205D15A2649627300F96882 /* Onboarding.swift */ = {isa = PBXFileReference; lastKnownFileType = sourcecode.swift; path = Onboarding.swift; sourceTree = "<group>"; };
		2205D15C2649649000F96882 /* TutorialPage.swift */ = {isa = PBXFileReference; lastKnownFileType = sourcecode.swift; path = TutorialPage.swift; sourceTree = "<group>"; };
		22255A89269DC8D600CE6774 /* Button Row.swift */ = {isa = PBXFileReference; lastKnownFileType = sourcecode.swift; path = "Button Row.swift"; sourceTree = "<group>"; };
		22255A8B269DC8E100CE6774 /* customButtonLayout.swift */ = {isa = PBXFileReference; lastKnownFileType = sourcecode.swift; path = customButtonLayout.swift; sourceTree = "<group>"; };
		22255A8D269DD29700CE6774 /* GUISizes.swift */ = {isa = PBXFileReference; lastKnownFileType = sourcecode.swift; path = GUISizes.swift; sourceTree = "<group>"; };
		22337F922653DF81008089A9 /* ListView.swift */ = {isa = PBXFileReference; lastKnownFileType = sourcecode.swift; name = ListView.swift; path = "/Users/andrewcumming/Documents/University/Modules Year 5/TM470/Xcode/ApplicationD/ApplicationD/Core Files/Lists/ListView.swift"; sourceTree = "<absolute>"; };
		22337F952653E01F008089A9 /* ImageCache.swift */ = {isa = PBXFileReference; fileEncoding = 4; lastKnownFileType = sourcecode.swift; path = ImageCache.swift; sourceTree = "<group>"; };
		22337F962653E01F008089A9 /* AsyncImage.swift */ = {isa = PBXFileReference; fileEncoding = 4; lastKnownFileType = sourcecode.swift; path = AsyncImage.swift; sourceTree = "<group>"; };
		22337F972653E01F008089A9 /* EnvironmentValues+ImageCache.swift */ = {isa = PBXFileReference; fileEncoding = 4; lastKnownFileType = sourcecode.swift; path = "EnvironmentValues+ImageCache.swift"; sourceTree = "<group>"; };
		22337F982653E01F008089A9 /* ImageLoader.swift */ = {isa = PBXFileReference; fileEncoding = 4; lastKnownFileType = sourcecode.swift; path = ImageLoader.swift; sourceTree = "<group>"; };
		2268456726A3038800E0F4EB /* blankMoviePosition.swift */ = {isa = PBXFileReference; lastKnownFileType = sourcecode.swift; path = blankMoviePosition.swift; sourceTree = "<group>"; };
		22AEA7BB2610CBE0003993FF /* Admin.swift */ = {isa = PBXFileReference; lastKnownFileType = sourcecode.swift; path = Admin.swift; sourceTree = "<group>"; };
		22E019CC269EFEDA00A3C62A /* MoviePoster.swift */ = {isa = PBXFileReference; lastKnownFileType = sourcecode.swift; path = MoviePoster.swift; sourceTree = "<group>"; };
		22E019CE269F108200A3C62A /* WatchList.swift */ = {isa = PBXFileReference; lastKnownFileType = sourcecode.swift; path = WatchList.swift; sourceTree = "<group>"; };
		22E019D0269F13F400A3C62A /* threePosterRow.swift */ = {isa = PBXFileReference; lastKnownFileType = sourcecode.swift; path = threePosterRow.swift; sourceTree = "<group>"; };
		22E019D2269F146400A3C62A /* JSONObject.swift */ = {isa = PBXFileReference; lastKnownFileType = sourcecode.swift; path = JSONObject.swift; sourceTree = "<group>"; };
		22E33F222610B1FB0086A5C5 /* ApplicationD.app */ = {isa = PBXFileReference; explicitFileType = wrapper.application; includeInIndex = 0; path = ApplicationD.app; sourceTree = BUILT_PRODUCTS_DIR; };
		22E33F252610B1FB0086A5C5 /* ApplicationDApp.swift */ = {isa = PBXFileReference; lastKnownFileType = sourcecode.swift; path = ApplicationDApp.swift; sourceTree = "<group>"; };
		22E33F272610B1FB0086A5C5 /* ContentView.swift */ = {isa = PBXFileReference; lastKnownFileType = sourcecode.swift; path = ContentView.swift; sourceTree = "<group>"; };
		22E33F292610B1FC0086A5C5 /* Assets.xcassets */ = {isa = PBXFileReference; lastKnownFileType = folder.assetcatalog; path = Assets.xcassets; sourceTree = "<group>"; };
		22E33F2C2610B1FC0086A5C5 /* Preview Assets.xcassets */ = {isa = PBXFileReference; lastKnownFileType = folder.assetcatalog; path = "Preview Assets.xcassets"; sourceTree = "<group>"; };
		22E33F2E2610B1FC0086A5C5 /* Persistence.swift */ = {isa = PBXFileReference; lastKnownFileType = sourcecode.swift; path = Persistence.swift; sourceTree = "<group>"; };
		22E33F312610B1FC0086A5C5 /* ApplicationD.xcdatamodel */ = {isa = PBXFileReference; lastKnownFileType = wrapper.xcdatamodel; path = ApplicationD.xcdatamodel; sourceTree = "<group>"; };
		22E33F332610B1FC0086A5C5 /* Info.plist */ = {isa = PBXFileReference; lastKnownFileType = text.plist.xml; path = Info.plist; sourceTree = "<group>"; };
		22E33F492610B3120086A5C5 /* TMDBAPI.swift */ = {isa = PBXFileReference; fileEncoding = 4; lastKnownFileType = sourcecode.swift; path = TMDBAPI.swift; sourceTree = "<group>"; };
		22E33F4C2610B3120086A5C5 /* AuthenticateWindow.swift */ = {isa = PBXFileReference; fileEncoding = 4; lastKnownFileType = sourcecode.swift; path = AuthenticateWindow.swift; sourceTree = "<group>"; };
		22E33F4F2610B3120086A5C5 /* userCreation2.swift */ = {isa = PBXFileReference; fileEncoding = 4; lastKnownFileType = sourcecode.swift; path = userCreation2.swift; sourceTree = "<group>"; };
		22E33F502610B3120086A5C5 /* userCreationHelper.swift */ = {isa = PBXFileReference; fileEncoding = 4; lastKnownFileType = sourcecode.swift; path = userCreationHelper.swift; sourceTree = "<group>"; };
		22E33F512610B3120086A5C5 /* userCreationMain.swift */ = {isa = PBXFileReference; fileEncoding = 4; lastKnownFileType = sourcecode.swift; path = userCreationMain.swift; sourceTree = "<group>"; };
		22E33F522610B3120086A5C5 /* userCreation1.swift */ = {isa = PBXFileReference; fileEncoding = 4; lastKnownFileType = sourcecode.swift; path = userCreation1.swift; sourceTree = "<group>"; };
		22E33F842610B4400086A5C5 /* Item+CoreDataClass.swift */ = {isa = PBXFileReference; lastKnownFileType = sourcecode.swift; path = "Item+CoreDataClass.swift"; sourceTree = "<group>"; };
		22E33F852610B4400086A5C5 /* Item+CoreDataProperties.swift */ = {isa = PBXFileReference; lastKnownFileType = sourcecode.swift; path = "Item+CoreDataProperties.swift"; sourceTree = "<group>"; };
		22E33F862610B4400086A5C5 /* SugesstedMovies+CoreDataClass.swift */ = {isa = PBXFileReference; lastKnownFileType = sourcecode.swift; path = "SugesstedMovies+CoreDataClass.swift"; sourceTree = "<group>"; };
		22E33F872610B4400086A5C5 /* SugesstedMovies+CoreDataProperties.swift */ = {isa = PBXFileReference; lastKnownFileType = sourcecode.swift; path = "SugesstedMovies+CoreDataProperties.swift"; sourceTree = "<group>"; };
		22E33F882610B4400086A5C5 /* WatchedTV+CoreDataClass.swift */ = {isa = PBXFileReference; lastKnownFileType = sourcecode.swift; path = "WatchedTV+CoreDataClass.swift"; sourceTree = "<group>"; };
		22E33F892610B4400086A5C5 /* WatchedTV+CoreDataProperties.swift */ = {isa = PBXFileReference; lastKnownFileType = sourcecode.swift; path = "WatchedTV+CoreDataProperties.swift"; sourceTree = "<group>"; };
		22E33F8A2610B4400086A5C5 /* SugesstedTV+CoreDataClass.swift */ = {isa = PBXFileReference; lastKnownFileType = sourcecode.swift; path = "SugesstedTV+CoreDataClass.swift"; sourceTree = "<group>"; };
		22E33F8B2610B4400086A5C5 /* SugesstedTV+CoreDataProperties.swift */ = {isa = PBXFileReference; lastKnownFileType = sourcecode.swift; path = "SugesstedTV+CoreDataProperties.swift"; sourceTree = "<group>"; };
		22E33F8C2610B4400086A5C5 /* PlannedTV+CoreDataClass.swift */ = {isa = PBXFileReference; lastKnownFileType = sourcecode.swift; path = "PlannedTV+CoreDataClass.swift"; sourceTree = "<group>"; };
		22E33F8D2610B4400086A5C5 /* PlannedTV+CoreDataProperties.swift */ = {isa = PBXFileReference; lastKnownFileType = sourcecode.swift; path = "PlannedTV+CoreDataProperties.swift"; sourceTree = "<group>"; };
		22E33F8E2610B4400086A5C5 /* WatchedMovies+CoreDataClass.swift */ = {isa = PBXFileReference; lastKnownFileType = sourcecode.swift; path = "WatchedMovies+CoreDataClass.swift"; sourceTree = "<group>"; };
		22E33F8F2610B4400086A5C5 /* WatchedMovies+CoreDataProperties.swift */ = {isa = PBXFileReference; lastKnownFileType = sourcecode.swift; path = "WatchedMovies+CoreDataProperties.swift"; sourceTree = "<group>"; };
		22E33F902610B4400086A5C5 /* PlannedMovies+CoreDataClass.swift */ = {isa = PBXFileReference; lastKnownFileType = sourcecode.swift; path = "PlannedMovies+CoreDataClass.swift"; sourceTree = "<group>"; };
		22E33F912610B4400086A5C5 /* PlannedMovies+CoreDataProperties.swift */ = {isa = PBXFileReference; lastKnownFileType = sourcecode.swift; path = "PlannedMovies+CoreDataProperties.swift"; sourceTree = "<group>"; };
		22E33F922610B4400086A5C5 /* User+CoreDataClass.swift */ = {isa = PBXFileReference; lastKnownFileType = sourcecode.swift; path = "User+CoreDataClass.swift"; sourceTree = "<group>"; };
		22E33F932610B4400086A5C5 /* User+CoreDataProperties.swift */ = {isa = PBXFileReference; lastKnownFileType = sourcecode.swift; path = "User+CoreDataProperties.swift"; sourceTree = "<group>"; };
		22ED09FD263D6AD80048ABA6 /* MovieWatchList.swift */ = {isa = PBXFileReference; lastKnownFileType = sourcecode.swift; path = MovieWatchList.swift; sourceTree = "<group>"; };
		22ED0A01263D916F0048ABA6 /* Playground.playground */ = {isa = PBXFileReference; lastKnownFileType = file.playground; path = Playground.playground; sourceTree = "<group>"; xcLanguageSpecificationIdentifier = xcode.lang.swift; };
		AE52A210C56E98B129C7F859 /* Pods-ApplicationD.release.xcconfig */ = {isa = PBXFileReference; includeInIndex = 1; lastKnownFileType = text.xcconfig; name = "Pods-ApplicationD.release.xcconfig"; path = "Target Support Files/Pods-ApplicationD/Pods-ApplicationD.release.xcconfig"; sourceTree = "<group>"; };
		B0BD5A7453BA3ED0FD4CF238 /* Pods_ApplicationD.framework */ = {isa = PBXFileReference; explicitFileType = wrapper.framework; includeInIndex = 0; path = Pods_ApplicationD.framework; sourceTree = BUILT_PRODUCTS_DIR; };
/* End PBXFileReference section */

/* Begin PBXFrameworksBuildPhase section */
		22E33F1F2610B1FB0086A5C5 /* Frameworks */ = {
			isa = PBXFrameworksBuildPhase;
			buildActionMask = 2147483647;
			files = (
				55B4378B1772FB93B77595C5 /* Pods_ApplicationD.framework in Frameworks */,
			);
			runOnlyForDeploymentPostprocessing = 0;
		};
/* End PBXFrameworksBuildPhase section */

/* Begin PBXGroup section */
		127A1CA083DCDF6B3D1FD37E /* Pods */ = {
			isa = PBXGroup;
			children = (
				13E8B936A8E4C120BD73BC40 /* Pods-ApplicationD.debug.xcconfig */,
				AE52A210C56E98B129C7F859 /* Pods-ApplicationD.release.xcconfig */,
			);
			path = Pods;
			sourceTree = "<group>";
		};
		1B999F1F52F27436C4B70186 /* Frameworks */ = {
			isa = PBXGroup;
			children = (
				B0BD5A7453BA3ED0FD4CF238 /* Pods_ApplicationD.framework */,
			);
			name = Frameworks;
			sourceTree = "<group>";
		};
		2205D14C26493E0B00F96882 /* Points System */ = {
			isa = PBXGroup;
			children = (
				2205D14A26493E0000F96882 /* Points_System.json */,
				2205D14D26493E3D00F96882 /* PointSystem.swift */,
				2205D14F26493EF800F96882 /* loadPoints.swift */,
			);
			path = "Points System";
			sourceTree = "<group>";
		};
		2205D151264955DA00F96882 /* GUI Makeup */ = {
			isa = PBXGroup;
			children = (
				2268456726A3038800E0F4EB /* blankMoviePosition.swift */,
				22255A89269DC8D600CE6774 /* Button Row.swift */,
				22255A8B269DC8E100CE6774 /* customButtonLayout.swift */,
				22255A8D269DD29700CE6774 /* GUISizes.swift */,
				22E019CC269EFEDA00A3C62A /* MoviePoster.swift */,
				2205D15826495F1A00F96882 /* ProfilePicture.swift */,
				2205D15C2649649000F96882 /* TutorialPage.swift */,
			);
			path = "GUI Makeup";
			sourceTree = "<group>";
		};
		22337F942653E007008089A9 /* AsyncImage */ = {
			isa = PBXGroup;
			children = (
				22337F962653E01F008089A9 /* AsyncImage.swift */,
				22337F972653E01F008089A9 /* EnvironmentValues+ImageCache.swift */,
				22337F952653E01F008089A9 /* ImageCache.swift */,
				22337F982653E01F008089A9 /* ImageLoader.swift */,
			);
			path = AsyncImage;
			sourceTree = "<group>";
		};
		22E33F192610B1FB0086A5C5 = {
			isa = PBXGroup;
			children = (
				22E33F242610B1FB0086A5C5 /* ApplicationD */,
				22E33F232610B1FB0086A5C5 /* Products */,
				127A1CA083DCDF6B3D1FD37E /* Pods */,
				1B999F1F52F27436C4B70186 /* Frameworks */,
			);
			sourceTree = "<group>";
		};
		22E33F232610B1FB0086A5C5 /* Products */ = {
			isa = PBXGroup;
			children = (
				22E33F222610B1FB0086A5C5 /* ApplicationD.app */,
			);
			name = Products;
			sourceTree = "<group>";
		};
		22E33F242610B1FB0086A5C5 /* ApplicationD */ = {
			isa = PBXGroup;
			children = (
				22ED0A01263D916F0048ABA6 /* Playground.playground */,
				22AEA7BB2610CBE0003993FF /* Admin.swift */,
				22E33F292610B1FC0086A5C5 /* Assets.xcassets */,
				22E33F252610B1FB0086A5C5 /* ApplicationDApp.swift */,
				22E33F302610B1FC0086A5C5 /* ApplicationD.xcdatamodeld */,
				22E33F272610B1FB0086A5C5 /* ContentView.swift */,
				2205D15A2649627300F96882 /* Onboarding.swift */,
				22E33F462610B3120086A5C5 /* Core Files */,
				22E33F332610B1FC0086A5C5 /* Info.plist */,
				22E33F2E2610B1FC0086A5C5 /* Persistence.swift */,
				22E33F2B2610B1FC0086A5C5 /* Preview Content */,
			);
			path = ApplicationD;
			sourceTree = "<group>";
		};
		22E33F2B2610B1FC0086A5C5 /* Preview Content */ = {
			isa = PBXGroup;
			children = (
				22E33F2C2610B1FC0086A5C5 /* Preview Assets.xcassets */,
			);
			path = "Preview Content";
			sourceTree = "<group>";
		};
		22E33F462610B3120086A5C5 /* Core Files */ = {
			isa = PBXGroup;
			children = (
				22337F942653E007008089A9 /* AsyncImage */,
				2205D14C26493E0B00F96882 /* Points System */,
				2205D151264955DA00F96882 /* GUI Makeup */,
				22ED09FC263D6AAD0048ABA6 /* Lists */,
				22E33F532610B3120086A5C5 /* PersistantStorageFiles */,
				22E33F4E2610B3120086A5C5 /* User Creation */,
			);
			path = "Core Files";
			sourceTree = "<group>";
		};
		22E33F4E2610B3120086A5C5 /* User Creation */ = {
			isa = PBXGroup;
			children = (
				22E33F4C2610B3120086A5C5 /* AuthenticateWindow.swift */,
				22E33F492610B3120086A5C5 /* TMDBAPI.swift */,
				22E33F522610B3120086A5C5 /* userCreation1.swift */,
				22E33F4F2610B3120086A5C5 /* userCreation2.swift */,
				22E33F502610B3120086A5C5 /* userCreationHelper.swift */,
				22E33F512610B3120086A5C5 /* userCreationMain.swift */,
			);
			path = "User Creation";
			sourceTree = "<group>";
		};
		22E33F532610B3120086A5C5 /* PersistantStorageFiles */ = {
			isa = PBXGroup;
			children = (
				22E33F842610B4400086A5C5 /* Item+CoreDataClass.swift */,
				22E33F852610B4400086A5C5 /* Item+CoreDataProperties.swift */,
				22E33F862610B4400086A5C5 /* SugesstedMovies+CoreDataClass.swift */,
				22E33F872610B4400086A5C5 /* SugesstedMovies+CoreDataProperties.swift */,
				22E33F882610B4400086A5C5 /* WatchedTV+CoreDataClass.swift */,
				22E33F892610B4400086A5C5 /* WatchedTV+CoreDataProperties.swift */,
				22E33F8A2610B4400086A5C5 /* SugesstedTV+CoreDataClass.swift */,
				22E33F8B2610B4400086A5C5 /* SugesstedTV+CoreDataProperties.swift */,
				22E33F8C2610B4400086A5C5 /* PlannedTV+CoreDataClass.swift */,
				22E33F8D2610B4400086A5C5 /* PlannedTV+CoreDataProperties.swift */,
				22E33F8E2610B4400086A5C5 /* WatchedMovies+CoreDataClass.swift */,
				22E33F8F2610B4400086A5C5 /* WatchedMovies+CoreDataProperties.swift */,
				22E33F902610B4400086A5C5 /* PlannedMovies+CoreDataClass.swift */,
				22E33F912610B4400086A5C5 /* PlannedMovies+CoreDataProperties.swift */,
				22E33F922610B4400086A5C5 /* User+CoreDataClass.swift */,
				22E33F932610B4400086A5C5 /* User+CoreDataProperties.swift */,
				22E019D2269F146400A3C62A /* JSONObject.swift */,
			);
			path = PersistantStorageFiles;
			sourceTree = "<group>";
		};
		22ED09FC263D6AAD0048ABA6 /* Lists */ = {
			isa = PBXGroup;
			children = (
				22ED09FD263D6AD80048ABA6 /* MovieWatchList.swift */,
				22337F922653DF81008089A9 /* ListView.swift */,
				22E019D0269F13F400A3C62A /* threePosterRow.swift */,
				22E019CE269F108200A3C62A /* WatchList.swift */,
			);
			path = Lists;
			sourceTree = "<group>";
		};
/* End PBXGroup section */

/* Begin PBXNativeTarget section */
		22E33F212610B1FB0086A5C5 /* ApplicationD */ = {
			isa = PBXNativeTarget;
			buildConfigurationList = 22E33F362610B1FC0086A5C5 /* Build configuration list for PBXNativeTarget "ApplicationD" */;
			buildPhases = (
				00502387CBD18EAEE457B381 /* [CP] Check Pods Manifest.lock */,
				22E33F1E2610B1FB0086A5C5 /* Sources */,
				22E33F1F2610B1FB0086A5C5 /* Frameworks */,
				22E33F202610B1FB0086A5C5 /* Resources */,
				5B8E1E9F400467752BC0FC09 /* [CP] Embed Pods Frameworks */,
			);
			buildRules = (
			);
			dependencies = (
			);
			name = ApplicationD;
			productName = ApplicationD;
			productReference = 22E33F222610B1FB0086A5C5 /* ApplicationD.app */;
			productType = "com.apple.product-type.application";
		};
/* End PBXNativeTarget section */

/* Begin PBXProject section */
		22E33F1A2610B1FB0086A5C5 /* Project object */ = {
			isa = PBXProject;
			attributes = {
				LastSwiftUpdateCheck = 1240;
				LastUpgradeCheck = 1240;
				TargetAttributes = {
					22E33F212610B1FB0086A5C5 = {
						CreatedOnToolsVersion = 12.4;
					};
				};
			};
			buildConfigurationList = 22E33F1D2610B1FB0086A5C5 /* Build configuration list for PBXProject "ApplicationD" */;
			compatibilityVersion = "Xcode 9.3";
			developmentRegion = en;
			hasScannedForEncodings = 0;
			knownRegions = (
				en,
				Base,
			);
			mainGroup = 22E33F192610B1FB0086A5C5;
			productRefGroup = 22E33F232610B1FB0086A5C5 /* Products */;
			projectDirPath = "";
			projectRoot = "";
			targets = (
				22E33F212610B1FB0086A5C5 /* ApplicationD */,
			);
		};
/* End PBXProject section */

/* Begin PBXResourcesBuildPhase section */
		22E33F202610B1FB0086A5C5 /* Resources */ = {
			isa = PBXResourcesBuildPhase;
			buildActionMask = 2147483647;
			files = (
				2205D14B26493E0000F96882 /* Points_System.json in Resources */,
				22E33F2D2610B1FC0086A5C5 /* Preview Assets.xcassets in Resources */,
				22E33F2A2610B1FC0086A5C5 /* Assets.xcassets in Resources */,
			);
			runOnlyForDeploymentPostprocessing = 0;
		};
/* End PBXResourcesBuildPhase section */

/* Begin PBXShellScriptBuildPhase section */
		00502387CBD18EAEE457B381 /* [CP] Check Pods Manifest.lock */ = {
			isa = PBXShellScriptBuildPhase;
			buildActionMask = 2147483647;
			files = (
			);
			inputFileListPaths = (
			);
			inputPaths = (
				"${PODS_PODFILE_DIR_PATH}/Podfile.lock",
				"${PODS_ROOT}/Manifest.lock",
			);
			name = "[CP] Check Pods Manifest.lock";
			outputFileListPaths = (
			);
			outputPaths = (
				"$(DERIVED_FILE_DIR)/Pods-ApplicationD-checkManifestLockResult.txt",
			);
			runOnlyForDeploymentPostprocessing = 0;
			shellPath = /bin/sh;
			shellScript = "diff \"${PODS_PODFILE_DIR_PATH}/Podfile.lock\" \"${PODS_ROOT}/Manifest.lock\" > /dev/null\nif [ $? != 0 ] ; then\n    # print error to STDERR\n    echo \"error: The sandbox is not in sync with the Podfile.lock. Run 'pod install' or update your CocoaPods installation.\" >&2\n    exit 1\nfi\n# This output is used by Xcode 'outputs' to avoid re-running this script phase.\necho \"SUCCESS\" > \"${SCRIPT_OUTPUT_FILE_0}\"\n";
			showEnvVarsInLog = 0;
		};
		5B8E1E9F400467752BC0FC09 /* [CP] Embed Pods Frameworks */ = {
			isa = PBXShellScriptBuildPhase;
			buildActionMask = 2147483647;
			files = (
			);
			inputFileListPaths = (
				"${PODS_ROOT}/Target Support Files/Pods-ApplicationD/Pods-ApplicationD-frameworks-${CONFIGURATION}-input-files.xcfilelist",
			);
			name = "[CP] Embed Pods Frameworks";
			outputFileListPaths = (
				"${PODS_ROOT}/Target Support Files/Pods-ApplicationD/Pods-ApplicationD-frameworks-${CONFIGURATION}-output-files.xcfilelist",
			);
			runOnlyForDeploymentPostprocessing = 0;
			shellPath = /bin/sh;
			shellScript = "\"${PODS_ROOT}/Target Support Files/Pods-ApplicationD/Pods-ApplicationD-frameworks.sh\"\n";
			showEnvVarsInLog = 0;
		};
/* End PBXShellScriptBuildPhase section */

/* Begin PBXSourcesBuildPhase section */
		22E33F1E2610B1FB0086A5C5 /* Sources */ = {
			isa = PBXSourcesBuildPhase;
			buildActionMask = 2147483647;
			files = (
				22E33F942610B4400086A5C5 /* Item+CoreDataClass.swift in Sources */,
				22E33F2F2610B1FC0086A5C5 /* Persistence.swift in Sources */,
				22E33FA02610B4400086A5C5 /* PlannedMovies+CoreDataClass.swift in Sources */,
				22E33F952610B4400086A5C5 /* Item+CoreDataProperties.swift in Sources */,
				2268456826A3038800E0F4EB /* blankMoviePosition.swift in Sources */,
				22E33F6C2610B3120086A5C5 /* userCreation1.swift in Sources */,
				22337F9B2653E01F008089A9 /* AsyncImage.swift in Sources */,
				22E33F9D2610B4400086A5C5 /* PlannedTV+CoreDataProperties.swift in Sources */,
				22255A8A269DC8D600CE6774 /* Button Row.swift in Sources */,
				22E33F962610B4400086A5C5 /* SugesstedMovies+CoreDataClass.swift in Sources */,
				22E33F322610B1FC0086A5C5 /* ApplicationD.xcdatamodeld in Sources */,
				22337F932653DF81008089A9 /* ListView.swift in Sources */,
				22337F9C2653E01F008089A9 /* EnvironmentValues+ImageCache.swift in Sources */,
				22E019D1269F13F400A3C62A /* threePosterRow.swift in Sources */,
				22E33FA32610B4400086A5C5 /* User+CoreDataProperties.swift in Sources */,
				22E33FA22610B4400086A5C5 /* User+CoreDataClass.swift in Sources */,
				22E33F992610B4400086A5C5 /* WatchedTV+CoreDataProperties.swift in Sources */,
				2205D15D2649649000F96882 /* TutorialPage.swift in Sources */,
				2205D14E26493E3D00F96882 /* PointSystem.swift in Sources */,
				22E33F9B2610B4400086A5C5 /* SugesstedTV+CoreDataProperties.swift in Sources */,
				22E33F9C2610B4400086A5C5 /* PlannedTV+CoreDataClass.swift in Sources */,
				22E33F972610B4400086A5C5 /* SugesstedMovies+CoreDataProperties.swift in Sources */,
				22E019CD269EFEDA00A3C62A /* MoviePoster.swift in Sources */,
				22E33F672610B3120086A5C5 /* AuthenticateWindow.swift in Sources */,
				22E33F692610B3120086A5C5 /* userCreation2.swift in Sources */,
				22E33F9A2610B4400086A5C5 /* SugesstedTV+CoreDataClass.swift in Sources */,
				2205D15926495F1A00F96882 /* ProfilePicture.swift in Sources */,
				22E33FA12610B4400086A5C5 /* PlannedMovies+CoreDataProperties.swift in Sources */,
				22E33F6B2610B3120086A5C5 /* userCreationMain.swift in Sources */,
				2205D15B2649627300F96882 /* Onboarding.swift in Sources */,
				22E33F9F2610B4400086A5C5 /* WatchedMovies+CoreDataProperties.swift in Sources */,
				22E33F282610B1FB0086A5C5 /* ContentView.swift in Sources */,
				22255A8E269DD29700CE6774 /* GUISizes.swift in Sources */,
				22E33F982610B4400086A5C5 /* WatchedTV+CoreDataClass.swift in Sources */,
				22ED09FE263D6AD80048ABA6 /* MovieWatchList.swift in Sources */,
				22E019D3269F146400A3C62A /* JSONObject.swift in Sources */,
				22E33F6A2610B3120086A5C5 /* userCreationHelper.swift in Sources */,
				22337F9A2653E01F008089A9 /* ImageCache.swift in Sources */,
				22E33F262610B1FB0086A5C5 /* ApplicationDApp.swift in Sources */,
				22AEA7BC2610CBE0003993FF /* Admin.swift in Sources */,
				2205D15026493EF800F96882 /* loadPoints.swift in Sources */,
				22E33F9E2610B4400086A5C5 /* WatchedMovies+CoreDataClass.swift in Sources */,
				22E33F642610B3120086A5C5 /* TMDBAPI.swift in Sources */,
				22255A8C269DC8E100CE6774 /* customButtonLayout.swift in Sources */,
				22337F9D2653E01F008089A9 /* ImageLoader.swift in Sources */,
				22E019CF269F108200A3C62A /* WatchList.swift in Sources */,
			);
			runOnlyForDeploymentPostprocessing = 0;
		};
/* End PBXSourcesBuildPhase section */

/* Begin XCBuildConfiguration section */
		22E33F342610B1FC0086A5C5 /* Debug */ = {
			isa = XCBuildConfiguration;
			buildSettings = {
				ALWAYS_SEARCH_USER_PATHS = NO;
				CLANG_ANALYZER_NONNULL = YES;
				CLANG_ANALYZER_NUMBER_OBJECT_CONVERSION = YES_AGGRESSIVE;
				CLANG_CXX_LANGUAGE_STANDARD = "gnu++14";
				CLANG_CXX_LIBRARY = "libc++";
				CLANG_ENABLE_MODULES = YES;
				CLANG_ENABLE_OBJC_ARC = YES;
				CLANG_ENABLE_OBJC_WEAK = YES;
				CLANG_WARN_BLOCK_CAPTURE_AUTORELEASING = YES;
				CLANG_WARN_BOOL_CONVERSION = YES;
				CLANG_WARN_COMMA = YES;
				CLANG_WARN_CONSTANT_CONVERSION = YES;
				CLANG_WARN_DEPRECATED_OBJC_IMPLEMENTATIONS = YES;
				CLANG_WARN_DIRECT_OBJC_ISA_USAGE = YES_ERROR;
				CLANG_WARN_DOCUMENTATION_COMMENTS = YES;
				CLANG_WARN_EMPTY_BODY = YES;
				CLANG_WARN_ENUM_CONVERSION = YES;
				CLANG_WARN_INFINITE_RECURSION = YES;
				CLANG_WARN_INT_CONVERSION = YES;
				CLANG_WARN_NON_LITERAL_NULL_CONVERSION = YES;
				CLANG_WARN_OBJC_IMPLICIT_RETAIN_SELF = YES;
				CLANG_WARN_OBJC_LITERAL_CONVERSION = YES;
				CLANG_WARN_OBJC_ROOT_CLASS = YES_ERROR;
				CLANG_WARN_QUOTED_INCLUDE_IN_FRAMEWORK_HEADER = YES;
				CLANG_WARN_RANGE_LOOP_ANALYSIS = YES;
				CLANG_WARN_STRICT_PROTOTYPES = YES;
				CLANG_WARN_SUSPICIOUS_MOVE = YES;
				CLANG_WARN_UNGUARDED_AVAILABILITY = YES_AGGRESSIVE;
				CLANG_WARN_UNREACHABLE_CODE = YES;
				CLANG_WARN__DUPLICATE_METHOD_MATCH = YES;
				COPY_PHASE_STRIP = NO;
				DEBUG_INFORMATION_FORMAT = dwarf;
				ENABLE_STRICT_OBJC_MSGSEND = YES;
				ENABLE_TESTABILITY = YES;
				GCC_C_LANGUAGE_STANDARD = gnu11;
				GCC_DYNAMIC_NO_PIC = NO;
				GCC_NO_COMMON_BLOCKS = YES;
				GCC_OPTIMIZATION_LEVEL = 0;
				GCC_PREPROCESSOR_DEFINITIONS = (
					"DEBUG=1",
					"$(inherited)",
				);
				GCC_WARN_64_TO_32_BIT_CONVERSION = YES;
				GCC_WARN_ABOUT_RETURN_TYPE = YES_ERROR;
				GCC_WARN_UNDECLARED_SELECTOR = YES;
				GCC_WARN_UNINITIALIZED_AUTOS = YES_AGGRESSIVE;
				GCC_WARN_UNUSED_FUNCTION = YES;
				GCC_WARN_UNUSED_VARIABLE = YES;
				IPHONEOS_DEPLOYMENT_TARGET = 14.4;
				MTL_ENABLE_DEBUG_INFO = INCLUDE_SOURCE;
				MTL_FAST_MATH = YES;
				ONLY_ACTIVE_ARCH = YES;
				SDKROOT = iphoneos;
				SWIFT_ACTIVE_COMPILATION_CONDITIONS = DEBUG;
				SWIFT_OPTIMIZATION_LEVEL = "-Onone";
			};
			name = Debug;
		};
		22E33F352610B1FC0086A5C5 /* Release */ = {
			isa = XCBuildConfiguration;
			buildSettings = {
				ALWAYS_SEARCH_USER_PATHS = NO;
				CLANG_ANALYZER_NONNULL = YES;
				CLANG_ANALYZER_NUMBER_OBJECT_CONVERSION = YES_AGGRESSIVE;
				CLANG_CXX_LANGUAGE_STANDARD = "gnu++14";
				CLANG_CXX_LIBRARY = "libc++";
				CLANG_ENABLE_MODULES = YES;
				CLANG_ENABLE_OBJC_ARC = YES;
				CLANG_ENABLE_OBJC_WEAK = YES;
				CLANG_WARN_BLOCK_CAPTURE_AUTORELEASING = YES;
				CLANG_WARN_BOOL_CONVERSION = YES;
				CLANG_WARN_COMMA = YES;
				CLANG_WARN_CONSTANT_CONVERSION = YES;
				CLANG_WARN_DEPRECATED_OBJC_IMPLEMENTATIONS = YES;
				CLANG_WARN_DIRECT_OBJC_ISA_USAGE = YES_ERROR;
				CLANG_WARN_DOCUMENTATION_COMMENTS = YES;
				CLANG_WARN_EMPTY_BODY = YES;
				CLANG_WARN_ENUM_CONVERSION = YES;
				CLANG_WARN_INFINITE_RECURSION = YES;
				CLANG_WARN_INT_CONVERSION = YES;
				CLANG_WARN_NON_LITERAL_NULL_CONVERSION = YES;
				CLANG_WARN_OBJC_IMPLICIT_RETAIN_SELF = YES;
				CLANG_WARN_OBJC_LITERAL_CONVERSION = YES;
				CLANG_WARN_OBJC_ROOT_CLASS = YES_ERROR;
				CLANG_WARN_QUOTED_INCLUDE_IN_FRAMEWORK_HEADER = YES;
				CLANG_WARN_RANGE_LOOP_ANALYSIS = YES;
				CLANG_WARN_STRICT_PROTOTYPES = YES;
				CLANG_WARN_SUSPICIOUS_MOVE = YES;
				CLANG_WARN_UNGUARDED_AVAILABILITY = YES_AGGRESSIVE;
				CLANG_WARN_UNREACHABLE_CODE = YES;
				CLANG_WARN__DUPLICATE_METHOD_MATCH = YES;
				COPY_PHASE_STRIP = NO;
				DEBUG_INFORMATION_FORMAT = "dwarf-with-dsym";
				ENABLE_NS_ASSERTIONS = NO;
				ENABLE_STRICT_OBJC_MSGSEND = YES;
				GCC_C_LANGUAGE_STANDARD = gnu11;
				GCC_NO_COMMON_BLOCKS = YES;
				GCC_WARN_64_TO_32_BIT_CONVERSION = YES;
				GCC_WARN_ABOUT_RETURN_TYPE = YES_ERROR;
				GCC_WARN_UNDECLARED_SELECTOR = YES;
				GCC_WARN_UNINITIALIZED_AUTOS = YES_AGGRESSIVE;
				GCC_WARN_UNUSED_FUNCTION = YES;
				GCC_WARN_UNUSED_VARIABLE = YES;
				IPHONEOS_DEPLOYMENT_TARGET = 14.4;
				MTL_ENABLE_DEBUG_INFO = NO;
				MTL_FAST_MATH = YES;
				SDKROOT = iphoneos;
				SWIFT_COMPILATION_MODE = wholemodule;
				SWIFT_OPTIMIZATION_LEVEL = "-O";
				VALIDATE_PRODUCT = YES;
			};
			name = Release;
		};
		22E33F372610B1FC0086A5C5 /* Debug */ = {
			isa = XCBuildConfiguration;
			baseConfigurationReference = 13E8B936A8E4C120BD73BC40 /* Pods-ApplicationD.debug.xcconfig */;
			buildSettings = {
				ASSETCATALOG_COMPILER_APPICON_NAME = AppIcon;
				ASSETCATALOG_COMPILER_GLOBAL_ACCENT_COLOR_NAME = AccentColor;
				CODE_SIGN_STYLE = Automatic;
				DEVELOPMENT_ASSET_PATHS = "\"ApplicationD/Preview Content\"";
				DEVELOPMENT_TEAM = M7HJJXN3L9;
				ENABLE_PREVIEWS = YES;
				INFOPLIST_FILE = ApplicationD/Info.plist;
				IPHONEOS_DEPLOYMENT_TARGET = 14.0;
				LD_RUNPATH_SEARCH_PATHS = (
					"$(inherited)",
					"@executable_path/Frameworks",
				);
				PRODUCT_BUNDLE_IDENTIFIER = com.andrewcumming.ApplicationD;
				PRODUCT_NAME = "$(TARGET_NAME)";
				SWIFT_VERSION = 5.0;
				TARGETED_DEVICE_FAMILY = "1,2";
			};
			name = Debug;
		};
		22E33F382610B1FC0086A5C5 /* Release */ = {
			isa = XCBuildConfiguration;
			baseConfigurationReference = AE52A210C56E98B129C7F859 /* Pods-ApplicationD.release.xcconfig */;
			buildSettings = {
				ASSETCATALOG_COMPILER_APPICON_NAME = AppIcon;
				ASSETCATALOG_COMPILER_GLOBAL_ACCENT_COLOR_NAME = AccentColor;
				CODE_SIGN_STYLE = Automatic;
				DEVELOPMENT_ASSET_PATHS = "\"ApplicationD/Preview Content\"";
				DEVELOPMENT_TEAM = M7HJJXN3L9;
				ENABLE_PREVIEWS = YES;
				INFOPLIST_FILE = ApplicationD/Info.plist;
				IPHONEOS_DEPLOYMENT_TARGET = 14.0;
				LD_RUNPATH_SEARCH_PATHS = (
					"$(inherited)",
					"@executable_path/Frameworks",
				);
				PRODUCT_BUNDLE_IDENTIFIER = com.andrewcumming.ApplicationD;
				PRODUCT_NAME = "$(TARGET_NAME)";
				SWIFT_VERSION = 5.0;
				TARGETED_DEVICE_FAMILY = "1,2";
			};
			name = Release;
		};
/* End XCBuildConfiguration section */

/* Begin XCConfigurationList section */
		22E33F1D2610B1FB0086A5C5 /* Build configuration list for PBXProject "ApplicationD" */ = {
			isa = XCConfigurationList;
			buildConfigurations = (
				22E33F342610B1FC0086A5C5 /* Debug */,
				22E33F352610B1FC0086A5C5 /* Release */,
			);
			defaultConfigurationIsVisible = 0;
			defaultConfigurationName = Release;
		};
		22E33F362610B1FC0086A5C5 /* Build configuration list for PBXNativeTarget "ApplicationD" */ = {
			isa = XCConfigurationList;
			buildConfigurations = (
				22E33F372610B1FC0086A5C5 /* Debug */,
				22E33F382610B1FC0086A5C5 /* Release */,
			);
			defaultConfigurationIsVisible = 0;
			defaultConfigurationName = Release;
		};
/* End XCConfigurationList section */

/* Begin XCVersionGroup section */
		22E33F302610B1FC0086A5C5 /* ApplicationD.xcdatamodeld */ = {
			isa = XCVersionGroup;
			children = (
				22E33F312610B1FC0086A5C5 /* ApplicationD.xcdatamodel */,
			);
			currentVersion = 22E33F312610B1FC0086A5C5 /* ApplicationD.xcdatamodel */;
			path = ApplicationD.xcdatamodeld;
			sourceTree = "<group>";
			versionGroupType = wrapper.xcdatamodel;
		};
/* End XCVersionGroup section */
	};
	rootObject = 22E33F1A2610B1FB0086A5C5 /* Project object */;
}
