// !$*UTF8*$!
{
	archiveVersion = 1;
	classes = {
	};
	objectVersion = 50;
	objects = {

/* Begin PBXBuildFile section */
		22E33F262610B1FB0086A5C5 /* ApplicationDApp.swift in Sources */ = {isa = PBXBuildFile; fileRef = 22E33F252610B1FB0086A5C5 /* ApplicationDApp.swift */; };
		22E33F282610B1FB0086A5C5 /* ContentView.swift in Sources */ = {isa = PBXBuildFile; fileRef = 22E33F272610B1FB0086A5C5 /* ContentView.swift */; };
		22E33F2A2610B1FC0086A5C5 /* Assets.xcassets in Resources */ = {isa = PBXBuildFile; fileRef = 22E33F292610B1FC0086A5C5 /* Assets.xcassets */; };
		22E33F2D2610B1FC0086A5C5 /* Preview Assets.xcassets in Resources */ = {isa = PBXBuildFile; fileRef = 22E33F2C2610B1FC0086A5C5 /* Preview Assets.xcassets */; };
		22E33F2F2610B1FC0086A5C5 /* Persistence.swift in Sources */ = {isa = PBXBuildFile; fileRef = 22E33F2E2610B1FC0086A5C5 /* Persistence.swift */; };
		22E33F322610B1FC0086A5C5 /* ApplicationD.xcdatamodeld in Sources */ = {isa = PBXBuildFile; fileRef = 22E33F302610B1FC0086A5C5 /* ApplicationD.xcdatamodeld */; };
/* End PBXBuildFile section */

/* Begin PBXFileReference section */
		22E33F222610B1FB0086A5C5 /* ApplicationD.app */ = {isa = PBXFileReference; explicitFileType = wrapper.application; includeInIndex = 0; path = ApplicationD.app; sourceTree = BUILT_PRODUCTS_DIR; };
		22E33F252610B1FB0086A5C5 /* ApplicationDApp.swift */ = {isa = PBXFileReference; lastKnownFileType = sourcecode.swift; path = ApplicationDApp.swift; sourceTree = "<group>"; };
		22E33F272610B1FB0086A5C5 /* ContentView.swift */ = {isa = PBXFileReference; lastKnownFileType = sourcecode.swift; path = ContentView.swift; sourceTree = "<group>"; };
		22E33F292610B1FC0086A5C5 /* Assets.xcassets */ = {isa = PBXFileReference; lastKnownFileType = folder.assetcatalog; path = Assets.xcassets; sourceTree = "<group>"; };
		22E33F2C2610B1FC0086A5C5 /* Preview Assets.xcassets */ = {isa = PBXFileReference; lastKnownFileType = folder.assetcatalog; path = "Preview Assets.xcassets"; sourceTree = "<group>"; };
		22E33F2E2610B1FC0086A5C5 /* Persistence.swift */ = {isa = PBXFileReference; lastKnownFileType = sourcecode.swift; path = Persistence.swift; sourceTree = "<group>"; };
		22E33F312610B1FC0086A5C5 /* ApplicationD.xcdatamodel */ = {isa = PBXFileReference; lastKnownFileType = wrapper.xcdatamodel; path = ApplicationD.xcdatamodel; sourceTree = "<group>"; };
		22E33F332610B1FC0086A5C5 /* Info.plist */ = {isa = PBXFileReference; lastKnownFileType = text.plist.xml; path = Info.plist; sourceTree = "<group>"; };
/* End PBXFileReference section */

/* Begin PBXFrameworksBuildPhase section */
		22E33F1F2610B1FB0086A5C5 /* Frameworks */ = {
			isa = PBXFrameworksBuildPhase;
			buildActionMask = 2147483647;
			files = (
			);
			runOnlyForDeploymentPostprocessing = 0;
		};
/* End PBXFrameworksBuildPhase section */

/* Begin PBXGroup section */
		22E33F192610B1FB0086A5C5 = {
			isa = PBXGroup;
			children = (
				22E33F242610B1FB0086A5C5 /* ApplicationD */,
				22E33F232610B1FB0086A5C5 /* Products */,
			);
			sourceTree = "<group>";
		};
		22E33F232610B1FB0086A5C5 /* Products */ = {
			isa = PBXGroup;
			children = (
				22E33F222610B1FB0086A5C5 /* ApplicationD.app */,
			);
			name = Products;
			sourceTree = "<group>";
		};
		22E33F242610B1FB0086A5C5 /* ApplicationD */ = {
			isa = PBXGroup;
			children = (
				22E33F252610B1FB0086A5C5 /* ApplicationDApp.swift */,
				22E33F272610B1FB0086A5C5 /* ContentView.swift */,
				22E33F292610B1FC0086A5C5 /* Assets.xcassets */,
				22E33F2E2610B1FC0086A5C5 /* Persistence.swift */,
				22E33F332610B1FC0086A5C5 /* Info.plist */,
				22E33F302610B1FC0086A5C5 /* ApplicationD.xcdatamodeld */,
				22E33F2B2610B1FC0086A5C5 /* Preview Content */,
			);
			path = ApplicationD;
			sourceTree = "<group>";
		};
		22E33F2B2610B1FC0086A5C5 /* Preview Content */ = {
			isa = PBXGroup;
			children = (
				22E33F2C2610B1FC0086A5C5 /* Preview Assets.xcassets */,
			);
			path = "Preview Content";
			sourceTree = "<group>";
		};
/* End PBXGroup section */

/* Begin PBXNativeTarget section */
		22E33F212610B1FB0086A5C5 /* ApplicationD */ = {
			isa = PBXNativeTarget;
			buildConfigurationList = 22E33F362610B1FC0086A5C5 /* Build configuration list for PBXNativeTarget "ApplicationD" */;
			buildPhases = (
				22E33F1E2610B1FB0086A5C5 /* Sources */,
				22E33F1F2610B1FB0086A5C5 /* Frameworks */,
				22E33F202610B1FB0086A5C5 /* Resources */,
			);
			buildRules = (
			);
			dependencies = (
			);
			name = ApplicationD;
			productName = ApplicationD;
			productReference = 22E33F222610B1FB0086A5C5 /* ApplicationD.app */;
			productType = "com.apple.product-type.application";
		};
/* End PBXNativeTarget section */

/* Begin PBXProject section */
		22E33F1A2610B1FB0086A5C5 /* Project object */ = {
			isa = PBXProject;
			attributes = {
				LastSwiftUpdateCheck = 1240;
				LastUpgradeCheck = 1240;
				TargetAttributes = {
					22E33F212610B1FB0086A5C5 = {
						CreatedOnToolsVersion = 12.4;
					};
				};
			};
			buildConfigurationList = 22E33F1D2610B1FB0086A5C5 /* Build configuration list for PBXProject "ApplicationD" */;
			compatibilityVersion = "Xcode 9.3";
			developmentRegion = en;
			hasScannedForEncodings = 0;
			knownRegions = (
				en,
				Base,
			);
			mainGroup = 22E33F192610B1FB0086A5C5;
			productRefGroup = 22E33F232610B1FB0086A5C5 /* Products */;
			projectDirPath = "";
			projectRoot = "";
			targets = (
				22E33F212610B1FB0086A5C5 /* ApplicationD */,
			);
		};
/* End PBXProject section */

/* Begin PBXResourcesBuildPhase section */
		22E33F202610B1FB0086A5C5 /* Resources */ = {
			isa = PBXResourcesBuildPhase;
			buildActionMask = 2147483647;
			files = (
				22E33F2D2610B1FC0086A5C5 /* Preview Assets.xcassets in Resources */,
				22E33F2A2610B1FC0086A5C5 /* Assets.xcassets in Resources */,
			);
			runOnlyForDeploymentPostprocessing = 0;
		};
/* End PBXResourcesBuildPhase section */

/* Begin PBXSourcesBuildPhase section */
		22E33F1E2610B1FB0086A5C5 /* Sources */ = {
			isa = PBXSourcesBuildPhase;
			buildActionMask = 2147483647;
			files = (
				22E33F2F2610B1FC0086A5C5 /* Persistence.swift in Sources */,
				22E33F322610B1FC0086A5C5 /* ApplicationD.xcdatamodeld in Sources */,
				22E33F282610B1FB0086A5C5 /* ContentView.swift in Sources */,
				22E33F262610B1FB0086A5C5 /* ApplicationDApp.swift in Sources */,
			);
			runOnlyForDeploymentPostprocessing = 0;
		};
/* End PBXSourcesBuildPhase section */

/* Begin XCBuildConfiguration section */
		22E33F342610B1FC0086A5C5 /* Debug */ = {
			isa = XCBuildConfiguration;
			buildSettings = {
				ALWAYS_SEARCH_USER_PATHS = NO;
				CLANG_ANALYZER_NONNULL = YES;
				CLANG_ANALYZER_NUMBER_OBJECT_CONVERSION = YES_AGGRESSIVE;
				CLANG_CXX_LANGUAGE_STANDARD = "gnu++14";
				CLANG_CXX_LIBRARY = "libc++";
				CLANG_ENABLE_MODULES = YES;
				CLANG_ENABLE_OBJC_ARC = YES;
				CLANG_ENABLE_OBJC_WEAK = YES;
				CLANG_WARN_BLOCK_CAPTURE_AUTORELEASING = YES;
				CLANG_WARN_BOOL_CONVERSION = YES;
				CLANG_WARN_COMMA = YES;
				CLANG_WARN_CONSTANT_CONVERSION = YES;
				CLANG_WARN_DEPRECATED_OBJC_IMPLEMENTATIONS = YES;
				CLANG_WARN_DIRECT_OBJC_ISA_USAGE = YES_ERROR;
				CLANG_WARN_DOCUMENTATION_COMMENTS = YES;
				CLANG_WARN_EMPTY_BODY = YES;
				CLANG_WARN_ENUM_CONVERSION = YES;
				CLANG_WARN_INFINITE_RECURSION = YES;
				CLANG_WARN_INT_CONVERSION = YES;
				CLANG_WARN_NON_LITERAL_NULL_CONVERSION = YES;
				CLANG_WARN_OBJC_IMPLICIT_RETAIN_SELF = YES;
				CLANG_WARN_OBJC_LITERAL_CONVERSION = YES;
				CLANG_WARN_OBJC_ROOT_CLASS = YES_ERROR;
				CLANG_WARN_QUOTED_INCLUDE_IN_FRAMEWORK_HEADER = YES;
				CLANG_WARN_RANGE_LOOP_ANALYSIS = YES;
				CLANG_WARN_STRICT_PROTOTYPES = YES;
				CLANG_WARN_SUSPICIOUS_MOVE = YES;
				CLANG_WARN_UNGUARDED_AVAILABILITY = YES_AGGRESSIVE;
				CLANG_WARN_UNREACHABLE_CODE = YES;
				CLANG_WARN__DUPLICATE_METHOD_MATCH = YES;
				COPY_PHASE_STRIP = NO;
				DEBUG_INFORMATION_FORMAT = dwarf;
				ENABLE_STRICT_OBJC_MSGSEND = YES;
				ENABLE_TESTABILITY = YES;
				GCC_C_LANGUAGE_STANDARD = gnu11;
				GCC_DYNAMIC_NO_PIC = NO;
				GCC_NO_COMMON_BLOCKS = YES;
				GCC_OPTIMIZATION_LEVEL = 0;
				GCC_PREPROCESSOR_DEFINITIONS = (
					"DEBUG=1",
					"$(inherited)",
				);
				GCC_WARN_64_TO_32_BIT_CONVERSION = YES;
				GCC_WARN_ABOUT_RETURN_TYPE = YES_ERROR;
				GCC_WARN_UNDECLARED_SELECTOR = YES;
				GCC_WARN_UNINITIALIZED_AUTOS = YES_AGGRESSIVE;
				GCC_WARN_UNUSED_FUNCTION = YES;
				GCC_WARN_UNUSED_VARIABLE = YES;
				IPHONEOS_DEPLOYMENT_TARGET = 14.4;
				MTL_ENABLE_DEBUG_INFO = INCLUDE_SOURCE;
				MTL_FAST_MATH = YES;
				ONLY_ACTIVE_ARCH = YES;
				SDKROOT = iphoneos;
				SWIFT_ACTIVE_COMPILATION_CONDITIONS = DEBUG;
				SWIFT_OPTIMIZATION_LEVEL = "-Onone";
			};
			name = Debug;
		};
		22E33F352610B1FC0086A5C5 /* Release */ = {
			isa = XCBuildConfiguration;
			buildSettings = {
				ALWAYS_SEARCH_USER_PATHS = NO;
				CLANG_ANALYZER_NONNULL = YES;
				CLANG_ANALYZER_NUMBER_OBJECT_CONVERSION = YES_AGGRESSIVE;
				CLANG_CXX_LANGUAGE_STANDARD = "gnu++14";
				CLANG_CXX_LIBRARY = "libc++";
				CLANG_ENABLE_MODULES = YES;
				CLANG_ENABLE_OBJC_ARC = YES;
				CLANG_ENABLE_OBJC_WEAK = YES;
				CLANG_WARN_BLOCK_CAPTURE_AUTORELEASING = YES;
				CLANG_WARN_BOOL_CONVERSION = YES;
				CLANG_WARN_COMMA = YES;
				CLANG_WARN_CONSTANT_CONVERSION = YES;
				CLANG_WARN_DEPRECATED_OBJC_IMPLEMENTATIONS = YES;
				CLANG_WARN_DIRECT_OBJC_ISA_USAGE = YES_ERROR;
				CLANG_WARN_DOCUMENTATION_COMMENTS = YES;
				CLANG_WARN_EMPTY_BODY = YES;
				CLANG_WARN_ENUM_CONVERSION = YES;
				CLANG_WARN_INFINITE_RECURSION = YES;
				CLANG_WARN_INT_CONVERSION = YES;
				CLANG_WARN_NON_LITERAL_NULL_CONVERSION = YES;
				CLANG_WARN_OBJC_IMPLICIT_RETAIN_SELF = YES;
				CLANG_WARN_OBJC_LITERAL_CONVERSION = YES;
				CLANG_WARN_OBJC_ROOT_CLASS = YES_ERROR;
				CLANG_WARN_QUOTED_INCLUDE_IN_FRAMEWORK_HEADER = YES;
				CLANG_WARN_RANGE_LOOP_ANALYSIS = YES;
				CLANG_WARN_STRICT_PROTOTYPES = YES;
				CLANG_WARN_SUSPICIOUS_MOVE = YES;
				CLANG_WARN_UNGUARDED_AVAILABILITY = YES_AGGRESSIVE;
				CLANG_WARN_UNREACHABLE_CODE = YES;
				CLANG_WARN__DUPLICATE_METHOD_MATCH = YES;
				COPY_PHASE_STRIP = NO;
				DEBUG_INFORMATION_FORMAT = "dwarf-with-dsym";
				ENABLE_NS_ASSERTIONS = NO;
				ENABLE_STRICT_OBJC_MSGSEND = YES;
				GCC_C_LANGUAGE_STANDARD = gnu11;
				GCC_NO_COMMON_BLOCKS = YES;
				GCC_WARN_64_TO_32_BIT_CONVERSION = YES;
				GCC_WARN_ABOUT_RETURN_TYPE = YES_ERROR;
				GCC_WARN_UNDECLARED_SELECTOR = YES;
				GCC_WARN_UNINITIALIZED_AUTOS = YES_AGGRESSIVE;
				GCC_WARN_UNUSED_FUNCTION = YES;
				GCC_WARN_UNUSED_VARIABLE = YES;
				IPHONEOS_DEPLOYMENT_TARGET = 14.4;
				MTL_ENABLE_DEBUG_INFO = NO;
				MTL_FAST_MATH = YES;
				SDKROOT = iphoneos;
				SWIFT_COMPILATION_MODE = wholemodule;
				SWIFT_OPTIMIZATION_LEVEL = "-O";
				VALIDATE_PRODUCT = YES;
			};
			name = Release;
		};
		22E33F372610B1FC0086A5C5 /* Debug */ = {
			isa = XCBuildConfiguration;
			buildSettings = {
				ASSETCATALOG_COMPILER_APPICON_NAME = AppIcon;
				ASSETCATALOG_COMPILER_GLOBAL_ACCENT_COLOR_NAME = AccentColor;
				CODE_SIGN_STYLE = Automatic;
				DEVELOPMENT_ASSET_PATHS = "\"ApplicationD/Preview Content\"";
				DEVELOPMENT_TEAM = M7HJJXN3L9;
				ENABLE_PREVIEWS = YES;
				INFOPLIST_FILE = ApplicationD/Info.plist;
				IPHONEOS_DEPLOYMENT_TARGET = 14.0;
				LD_RUNPATH_SEARCH_PATHS = (
					"$(inherited)",
					"@executable_path/Frameworks",
				);
				PRODUCT_BUNDLE_IDENTIFIER = com.andrewcumming.ApplicationD;
				PRODUCT_NAME = "$(TARGET_NAME)";
				SWIFT_VERSION = 5.0;
				TARGETED_DEVICE_FAMILY = "1,2";
			};
			name = Debug;
		};
		22E33F382610B1FC0086A5C5 /* Release */ = {
			isa = XCBuildConfiguration;
			buildSettings = {
				ASSETCATALOG_COMPILER_APPICON_NAME = AppIcon;
				ASSETCATALOG_COMPILER_GLOBAL_ACCENT_COLOR_NAME = AccentColor;
				CODE_SIGN_STYLE = Automatic;
				DEVELOPMENT_ASSET_PATHS = "\"ApplicationD/Preview Content\"";
				DEVELOPMENT_TEAM = M7HJJXN3L9;
				ENABLE_PREVIEWS = YES;
				INFOPLIST_FILE = ApplicationD/Info.plist;
				IPHONEOS_DEPLOYMENT_TARGET = 14.0;
				LD_RUNPATH_SEARCH_PATHS = (
					"$(inherited)",
					"@executable_path/Frameworks",
				);
				PRODUCT_BUNDLE_IDENTIFIER = com.andrewcumming.ApplicationD;
				PRODUCT_NAME = "$(TARGET_NAME)";
				SWIFT_VERSION = 5.0;
				TARGETED_DEVICE_FAMILY = "1,2";
			};
			name = Release;
		};
/* End XCBuildConfiguration section */

/* Begin XCConfigurationList section */
		22E33F1D2610B1FB0086A5C5 /* Build configuration list for PBXProject "ApplicationD" */ = {
			isa = XCConfigurationList;
			buildConfigurations = (
				22E33F342610B1FC0086A5C5 /* Debug */,
				22E33F352610B1FC0086A5C5 /* Release */,
			);
			defaultConfigurationIsVisible = 0;
			defaultConfigurationName = Release;
		};
		22E33F362610B1FC0086A5C5 /* Build configuration list for PBXNativeTarget "ApplicationD" */ = {
			isa = XCConfigurationList;
			buildConfigurations = (
				22E33F372610B1FC0086A5C5 /* Debug */,
				22E33F382610B1FC0086A5C5 /* Release */,
			);
			defaultConfigurationIsVisible = 0;
			defaultConfigurationName = Release;
		};
/* End XCConfigurationList section */

/* Begin XCVersionGroup section */
		22E33F302610B1FC0086A5C5 /* ApplicationD.xcdatamodeld */ = {
			isa = XCVersionGroup;
			children = (
				22E33F312610B1FC0086A5C5 /* ApplicationD.xcdatamodel */,
			);
			currentVersion = 22E33F312610B1FC0086A5C5 /* ApplicationD.xcdatamodel */;
			path = ApplicationD.xcdatamodeld;
			sourceTree = "<group>";
			versionGroupType = wrapper.xcdatamodel;
		};
/* End XCVersionGroup section */
	};
	rootObject = 22E33F1A2610B1FB0086A5C5 /* Project object */;
}
